Microsoft Visual Studio Solution File, Format Version 12.00
# Visual Studio Version 17
VisualStudioVersion = 17.0.31903.59
MinimumVisualStudioVersion = 10.0.40219.1
Project("{FAE04EC0-301F-11D3-BF4B-00C04F79EFBC}") = "CanViewer.Core", "src\CanViewer.Core\CanViewer.Core.csproj", "{8C5C2AE8-3383-4B39-83D7-00858B379278}"
EndProject
Project("{FAE04EC0-301F-11D3-BF4B-00C04F79EFBC}") = "CanViewer.Adapters", "src\CanViewer.Adapters\CanViewer.Adapters.csproj", "{4B5A402A-E184-410F-88F8-205F9BFC1049}"
EndProject
Project("{FAE04EC0-301F-11D3-BF4B-00C04F79EFBC}") = "CanViewer.App", "src\CanViewer.App\CanViewer.App.csproj", "{D86DAD13-D4DD-461A-BCEA-8A413FAAE5F2}"
EndProject
Project("{FAE04EC0-301F-11D3-BF4B-00C04F79EFBC}") = "CanViewer.Tests", "tests\CanViewer.Tests\CanViewer.Tests.csproj", "{EF41B9B5-7428-4E3D-B6B9-5F1BFF26A75F}"
EndProject
Global
	GlobalSection(SolutionConfigurationPlatforms) = preSolution
		Debug|Any CPU = Debug|Any CPU
		Release|Any CPU = Release|Any CPU
	EndGlobalSection
	GlobalSection(ProjectConfigurationPlatforms) = postSolution
		{8C5C2AE8-3383-4B39-83D7-00858B379278}.Debug|Any CPU.ActiveCfg = Debug|Any CPU
		{8C5C2AE8-3383-4B39-83D7-00858B379278}.Debug|Any CPU.Build.0 = Debug|Any CPU
		{8C5C2AE8-3383-4B39-83D7-00858B379278}.Release|Any CPU.ActiveCfg = Release|Any CPU
		{8C5C2AE8-3383-4B39-83D7-00858B379278}.Release|Any CPU.Build.0 = Release|Any CPU
		{4B5A402A-E184-410F-88F8-205F9BFC1049}.Debug|Any CPU.ActiveCfg = Debug|Any CPU
		{4B5A402A-E184-410F-88F8-205F9BFC1049}.Debug|Any CPU.Build.0 = Debug|Any CPU
		{4B5A402A-E184-410F-88F8-205F9BFC1049}.Release|Any CPU.ActiveCfg = Release|Any CPU
		{4B5A402A-E184-410F-88F8-205F9BFC1049}.Release|Any CPU.Build.0 = Release|Any CPU
		{D86DAD13-D4DD-461A-BCEA-8A413FAAE5F2}.Debug|Any CPU.ActiveCfg = Debug|Any CPU
		{D86DAD13-D4DD-461A-BCEA-8A413FAAE5F2}.Debug|Any CPU.Build.0 = Debug|Any CPU
		{D86DAD13-D4DD-461A-BCEA-8A413FAAE5F2}.Release|Any CPU.ActiveCfg = Release|Any CPU
		{D86DAD13-D4DD-461A-BCEA-8A413FAAE5F2}.Release|Any CPU.Build.0 = Release|Any CPU
		{EF41B9B5-7428-4E3D-B6B9-5F1BFF26A75F}.Debug|Any CPU.ActiveCfg = Debug|Any CPU
		{EF41B9B5-7428-4E3D-B6B9-5F1BFF26A75F}.Debug|Any CPU.Build.0 = Debug|Any CPU
		{EF41B9B5-7428-4E3D-B6B9-5F1BFF26A75F}.Release|Any CPU.ActiveCfg = Release|Any CPU
		{EF41B9B5-7428-4E3D-B6B9-5F1BFF26A75F}.Release|Any CPU.Build.0 = Release|Any CPU
	EndGlobalSection
	GlobalSection(SolutionProperties) = preSolution
		HideSolutionNode = FALSE
	EndGlobalSection
EndGlobal
